
Microsoft Visual Studio Solution File, Format Version 12.00
# Visual Studio Version 16
VisualStudioVersion = 16.0.30804.86
MinimumVisualStudioVersion = 10.0.40219.1
Project("{FAE04EC0-301F-11D3-BF4B-00C04F79EFBC}") = "HelloLayout2", "HelloLayout2\HelloLayout2\HelloLayout2.csproj", "{0DE4FE52-BBBC-4F03-A016-8989F5F836CC}"
EndProject
Project("{FAE04EC0-301F-11D3-BF4B-00C04F79EFBC}") = "HelloLayout2.Android", "HelloLayout2\HelloLayout2.Android\HelloLayout2.Android.csproj", "{CB2BB53C-9D36-49E3-BA14-0F76C56522E5}"
EndProject
Project("{FAE04EC0-301F-11D3-BF4B-00C04F79EFBC}") = "HelloLayout2.iOS", "HelloLayout2\HelloLayout2.iOS\HelloLayout2.iOS.csproj", "{0A1F2CFC-3A11-459D-B659-99BD733EDEFE}"
EndProject
Project("{FAE04EC0-301F-11D3-BF4B-00C04F79EFBC}") = "HelloLayout2.UWP", "HelloLayout2\HelloLayout2.UWP\HelloLayout2.UWP.csproj", "{80386D08-A003-4F81-8CA7-6B1F91F7EB0A}"
EndProject
Global
	GlobalSection(SolutionConfigurationPlatforms) = preSolution
		Ad-Hoc|Any CPU = Ad-Hoc|Any CPU
		Ad-Hoc|ARM = Ad-Hoc|ARM
		Ad-Hoc|iPhone = Ad-Hoc|iPhone
		Ad-Hoc|iPhoneSimulator = Ad-Hoc|iPhoneSimulator
		Ad-Hoc|x64 = Ad-Hoc|x64
		Ad-Hoc|x86 = Ad-Hoc|x86
		AppStore|Any CPU = AppStore|Any CPU
		AppStore|ARM = AppStore|ARM
		AppStore|iPhone = AppStore|iPhone
		AppStore|iPhoneSimulator = AppStore|iPhoneSimulator
		AppStore|x64 = AppStore|x64
		AppStore|x86 = AppStore|x86
		Debug|Any CPU = Debug|Any CPU
		Debug|ARM = Debug|ARM
		Debug|iPhone = Debug|iPhone
		Debug|iPhoneSimulator = Debug|iPhoneSimulator
		Debug|x64 = Debug|x64
		Debug|x86 = Debug|x86
		Release|Any CPU = Release|Any CPU
		Release|ARM = Release|ARM
		Release|iPhone = Release|iPhone
		Release|iPhoneSimulator = Release|iPhoneSimulator
		Release|x64 = Release|x64
		Release|x86 = Release|x86
	EndGlobalSection
	GlobalSection(ProjectConfigurationPlatforms) = postSolution
		{0DE4FE52-BBBC-4F03-A016-8989F5F836CC}.Ad-Hoc|Any CPU.ActiveCfg = Debug|Any CPU
		{0DE4FE52-BBBC-4F03-A016-8989F5F836CC}.Ad-Hoc|Any CPU.Build.0 = Debug|Any CPU
		{0DE4FE52-BBBC-4F03-A016-8989F5F836CC}.Ad-Hoc|ARM.ActiveCfg = Debug|Any CPU
		{0DE4FE52-BBBC-4F03-A016-8989F5F836CC}.Ad-Hoc|ARM.Build.0 = Debug|Any CPU
		{0DE4FE52-BBBC-4F03-A016-8989F5F836CC}.Ad-Hoc|iPhone.ActiveCfg = Debug|Any CPU
		{0DE4FE52-BBBC-4F03-A016-8989F5F836CC}.Ad-Hoc|iPhone.Build.0 = Debug|Any CPU
		{0DE4FE52-BBBC-4F03-A016-8989F5F836CC}.Ad-Hoc|iPhoneSimulator.ActiveCfg = Debug|Any CPU
		{0DE4FE52-BBBC-4F03-A016-8989F5F836CC}.Ad-Hoc|iPhoneSimulator.Build.0 = Debug|Any CPU
		{0DE4FE52-BBBC-4F03-A016-8989F5F836CC}.Ad-Hoc|x64.ActiveCfg = Debug|Any CPU
		{0DE4FE52-BBBC-4F03-A016-8989F5F836CC}.Ad-Hoc|x64.Build.0 = Debug|Any CPU
		{0DE4FE52-BBBC-4F03-A016-8989F5F836CC}.Ad-Hoc|x86.ActiveCfg = Debug|Any CPU
		{0DE4FE52-BBBC-4F03-A016-8989F5F836CC}.Ad-Hoc|x86.Build.0 = Debug|Any CPU
		{0DE4FE52-BBBC-4F03-A016-8989F5F836CC}.AppStore|Any CPU.ActiveCfg = Debug|Any CPU
		{0DE4FE52-BBBC-4F03-A016-8989F5F836CC}.AppStore|Any CPU.Build.0 = Debug|Any CPU
		{0DE4FE52-BBBC-4F03-A016-8989F5F836CC}.AppStore|ARM.ActiveCfg = Debug|Any CPU
		{0DE4FE52-BBBC-4F03-A016-8989F5F836CC}.AppStore|ARM.Build.0 = Debug|Any CPU
		{0DE4FE52-BBBC-4F03-A016-8989F5F836CC}.AppStore|iPhone.ActiveCfg = Debug|Any CPU
		{0DE4FE52-BBBC-4F03-A016-8989F5F836CC}.AppStore|iPhone.Build.0 = Debug|Any CPU
		{0DE4FE52-BBBC-4F03-A016-8989F5F836CC}.AppStore|iPhoneSimulator.ActiveCfg = Debug|Any CPU
		{0DE4FE52-BBBC-4F03-A016-8989F5F836CC}.AppStore|iPhoneSimulator.Build.0 = Debug|Any CPU
		{0DE4FE52-BBBC-4F03-A016-8989F5F836CC}.AppStore|x64.ActiveCfg = Debug|Any CPU
		{0DE4FE52-BBBC-4F03-A016-8989F5F836CC}.AppStore|x64.Build.0 = Debug|Any CPU
		{0DE4FE52-BBBC-4F03-A016-8989F5F836CC}.AppStore|x86.ActiveCfg = Debug|Any CPU
		{0DE4FE52-BBBC-4F03-A016-8989F5F836CC}.AppStore|x86.Build.0 = Debug|Any CPU
		{0DE4FE52-BBBC-4F03-A016-8989F5F836CC}.Debug|Any CPU.ActiveCfg = Debug|Any CPU
		{0DE4FE52-BBBC-4F03-A016-8989F5F836CC}.Debug|Any CPU.Build.0 = Debug|Any CPU
		{0DE4FE52-BBBC-4F03-A016-8989F5F836CC}.Debug|ARM.ActiveCfg = Debug|Any CPU
		{0DE4FE52-BBBC-4F03-A016-8989F5F836CC}.Debug|ARM.Build.0 = Debug|Any CPU
		{0DE4FE52-BBBC-4F03-A016-8989F5F836CC}.Debug|iPhone.ActiveCfg = Debug|Any CPU
		{0DE4FE52-BBBC-4F03-A016-8989F5F836CC}.Debug|iPhone.Build.0 = Debug|Any CPU
		{0DE4FE52-BBBC-4F03-A016-8989F5F836CC}.Debug|iPhoneSimulator.ActiveCfg = Debug|Any CPU
		{0DE4FE52-BBBC-4F03-A016-8989F5F836CC}.Debug|iPhoneSimulator.Build.0 = Debug|Any CPU
		{0DE4FE52-BBBC-4F03-A016-8989F5F836CC}.Debug|x64.ActiveCfg = Debug|Any CPU
		{0DE4FE52-BBBC-4F03-A016-8989F5F836CC}.Debug|x64.Build.0 = Debug|Any CPU
		{0DE4FE52-BBBC-4F03-A016-8989F5F836CC}.Debug|x86.ActiveCfg = Debug|Any CPU
		{0DE4FE52-BBBC-4F03-A016-8989F5F836CC}.Debug|x86.Build.0 = Debug|Any CPU
		{0DE4FE52-BBBC-4F03-A016-8989F5F836CC}.Release|Any CPU.ActiveCfg = Release|Any CPU
		{0DE4FE52-BBBC-4F03-A016-8989F5F836CC}.Release|Any CPU.Build.0 = Release|Any CPU
		{0DE4FE52-BBBC-4F03-A016-8989F5F836CC}.Release|ARM.ActiveCfg = Release|Any CPU
		{0DE4FE52-BBBC-4F03-A016-8989F5F836CC}.Release|ARM.Build.0 = Release|Any CPU
		{0DE4FE52-BBBC-4F03-A016-8989F5F836CC}.Release|iPhone.ActiveCfg = Release|Any CPU
		{0DE4FE52-BBBC-4F03-A016-8989F5F836CC}.Release|iPhone.Build.0 = Release|Any CPU
		{0DE4FE52-BBBC-4F03-A016-8989F5F836CC}.Release|iPhoneSimulator.ActiveCfg = Release|Any CPU
		{0DE4FE52-BBBC-4F03-A016-8989F5F836CC}.Release|iPhoneSimulator.Build.0 = Release|Any CPU
		{0DE4FE52-BBBC-4F03-A016-8989F5F836CC}.Release|x64.ActiveCfg = Release|Any CPU
		{0DE4FE52-BBBC-4F03-A016-8989F5F836CC}.Release|x64.Build.0 = Release|Any CPU
		{0DE4FE52-BBBC-4F03-A016-8989F5F836CC}.Release|x86.ActiveCfg = Release|Any CPU
		{0DE4FE52-BBBC-4F03-A016-8989F5F836CC}.Release|x86.Build.0 = Release|Any CPU
		{CB2BB53C-9D36-49E3-BA14-0F76C56522E5}.Ad-Hoc|Any CPU.ActiveCfg = Debug|Any CPU
		{CB2BB53C-9D36-49E3-BA14-0F76C56522E5}.Ad-Hoc|Any CPU.Build.0 = Debug|Any CPU
		{CB2BB53C-9D36-49E3-BA14-0F76C56522E5}.Ad-Hoc|Any CPU.Deploy.0 = Debug|Any CPU
		{CB2BB53C-9D36-49E3-BA14-0F76C56522E5}.Ad-Hoc|ARM.ActiveCfg = Debug|Any CPU
		{CB2BB53C-9D36-49E3-BA14-0F76C56522E5}.Ad-Hoc|ARM.Build.0 = Debug|Any CPU
		{CB2BB53C-9D36-49E3-BA14-0F76C56522E5}.Ad-Hoc|ARM.Deploy.0 = Debug|Any CPU
		{CB2BB53C-9D36-49E3-BA14-0F76C56522E5}.Ad-Hoc|iPhone.ActiveCfg = Debug|Any CPU
		{CB2BB53C-9D36-49E3-BA14-0F76C56522E5}.Ad-Hoc|iPhone.Build.0 = Debug|Any CPU
		{CB2BB53C-9D36-49E3-BA14-0F76C56522E5}.Ad-Hoc|iPhone.Deploy.0 = Debug|Any CPU
		{CB2BB53C-9D36-49E3-BA14-0F76C56522E5}.Ad-Hoc|iPhoneSimulator.ActiveCfg = Debug|Any CPU
		{CB2BB53C-9D36-49E3-BA14-0F76C56522E5}.Ad-Hoc|iPhoneSimulator.Build.0 = Debug|Any CPU
		{CB2BB53C-9D36-49E3-BA14-0F76C56522E5}.Ad-Hoc|iPhoneSimulator.Deploy.0 = Debug|Any CPU
		{CB2BB53C-9D36-49E3-BA14-0F76C56522E5}.Ad-Hoc|x64.ActiveCfg = Debug|Any CPU
		{CB2BB53C-9D36-49E3-BA14-0F76C56522E5}.Ad-Hoc|x64.Build.0 = Debug|Any CPU
		{CB2BB53C-9D36-49E3-BA14-0F76C56522E5}.Ad-Hoc|x64.Deploy.0 = Debug|Any CPU
		{CB2BB53C-9D36-49E3-BA14-0F76C56522E5}.Ad-Hoc|x86.ActiveCfg = Debug|Any CPU
		{CB2BB53C-9D36-49E3-BA14-0F76C56522E5}.Ad-Hoc|x86.Build.0 = Debug|Any CPU
		{CB2BB53C-9D36-49E3-BA14-0F76C56522E5}.Ad-Hoc|x86.Deploy.0 = Debug|Any CPU
		{CB2BB53C-9D36-49E3-BA14-0F76C56522E5}.AppStore|Any CPU.ActiveCfg = Debug|Any CPU
		{CB2BB53C-9D36-49E3-BA14-0F76C56522E5}.AppStore|Any CPU.Build.0 = Debug|Any CPU
		{CB2BB53C-9D36-49E3-BA14-0F76C56522E5}.AppStore|Any CPU.Deploy.0 = Debug|Any CPU
		{CB2BB53C-9D36-49E3-BA14-0F76C56522E5}.AppStore|ARM.ActiveCfg = Debug|Any CPU
		{CB2BB53C-9D36-49E3-BA14-0F76C56522E5}.AppStore|ARM.Build.0 = Debug|Any CPU
		{CB2BB53C-9D36-49E3-BA14-0F76C56522E5}.AppStore|ARM.Deploy.0 = Debug|Any CPU
		{CB2BB53C-9D36-49E3-BA14-0F76C56522E5}.AppStore|iPhone.ActiveCfg = Debug|Any CPU
		{CB2BB53C-9D36-49E3-BA14-0F76C56522E5}.AppStore|iPhone.Build.0 = Debug|Any CPU
		{CB2BB53C-9D36-49E3-BA14-0F76C56522E5}.AppStore|iPhone.Deploy.0 = Debug|Any CPU
		{CB2BB53C-9D36-49E3-BA14-0F76C56522E5}.AppStore|iPhoneSimulator.ActiveCfg = Debug|Any CPU
		{CB2BB53C-9D36-49E3-BA14-0F76C56522E5}.AppStore|iPhoneSimulator.Build.0 = Debug|Any CPU
		{CB2BB53C-9D36-49E3-BA14-0F76C56522E5}.AppStore|iPhoneSimulator.Deploy.0 = Debug|Any CPU
		{CB2BB53C-9D36-49E3-BA14-0F76C56522E5}.AppStore|x64.ActiveCfg = Debug|Any CPU
		{CB2BB53C-9D36-49E3-BA14-0F76C56522E5}.AppStore|x64.Build.0 = Debug|Any CPU
		{CB2BB53C-9D36-49E3-BA14-0F76C56522E5}.AppStore|x64.Deploy.0 = Debug|Any CPU
		{CB2BB53C-9D36-49E3-BA14-0F76C56522E5}.AppStore|x86.ActiveCfg = Debug|Any CPU
		{CB2BB53C-9D36-49E3-BA14-0F76C56522E5}.AppStore|x86.Build.0 = Debug|Any CPU
		{CB2BB53C-9D36-49E3-BA14-0F76C56522E5}.AppStore|x86.Deploy.0 = Debug|Any CPU
		{CB2BB53C-9D36-49E3-BA14-0F76C56522E5}.Debug|Any CPU.ActiveCfg = Debug|Any CPU
		{CB2BB53C-9D36-49E3-BA14-0F76C56522E5}.Debug|Any CPU.Build.0 = Debug|Any CPU
		{CB2BB53C-9D36-49E3-BA14-0F76C56522E5}.Debug|Any CPU.Deploy.0 = Debug|Any CPU
		{CB2BB53C-9D36-49E3-BA14-0F76C56522E5}.Debug|ARM.ActiveCfg = Debug|Any CPU
		{CB2BB53C-9D36-49E3-BA14-0F76C56522E5}.Debug|ARM.Build.0 = Debug|Any CPU
		{CB2BB53C-9D36-49E3-BA14-0F76C56522E5}.Debug|ARM.Deploy.0 = Debug|Any CPU
		{CB2BB53C-9D36-49E3-BA14-0F76C56522E5}.Debug|iPhone.ActiveCfg = Debug|Any CPU
		{CB2BB53C-9D36-49E3-BA14-0F76C56522E5}.Debug|iPhone.Build.0 = Debug|Any CPU
		{CB2BB53C-9D36-49E3-BA14-0F76C56522E5}.Debug|iPhone.Deploy.0 = Debug|Any CPU
		{CB2BB53C-9D36-49E3-BA14-0F76C56522E5}.Debug|iPhoneSimulator.ActiveCfg = Debug|Any CPU
		{CB2BB53C-9D36-49E3-BA14-0F76C56522E5}.Debug|iPhoneSimulator.Build.0 = Debug|Any CPU
		{CB2BB53C-9D36-49E3-BA14-0F76C56522E5}.Debug|iPhoneSimulator.Deploy.0 = Debug|Any CPU
		{CB2BB53C-9D36-49E3-BA14-0F76C56522E5}.Debug|x64.ActiveCfg = Debug|Any CPU
		{CB2BB53C-9D36-49E3-BA14-0F76C56522E5}.Debug|x64.Build.0 = Debug|Any CPU
		{CB2BB53C-9D36-49E3-BA14-0F76C56522E5}.Debug|x64.Deploy.0 = Debug|Any CPU
		{CB2BB53C-9D36-49E3-BA14-0F76C56522E5}.Debug|x86.ActiveCfg = Debug|Any CPU
		{CB2BB53C-9D36-49E3-BA14-0F76C56522E5}.Debug|x86.Build.0 = Debug|Any CPU
		{CB2BB53C-9D36-49E3-BA14-0F76C56522E5}.Debug|x86.Deploy.0 = Debug|Any CPU
		{CB2BB53C-9D36-49E3-BA14-0F76C56522E5}.Release|Any CPU.ActiveCfg = Release|Any CPU
		{CB2BB53C-9D36-49E3-BA14-0F76C56522E5}.Release|Any CPU.Build.0 = Release|Any CPU
		{CB2BB53C-9D36-49E3-BA14-0F76C56522E5}.Release|Any CPU.Deploy.0 = Release|Any CPU
		{CB2BB53C-9D36-49E3-BA14-0F76C56522E5}.Release|ARM.ActiveCfg = Release|Any CPU
		{CB2BB53C-9D36-49E3-BA14-0F76C56522E5}.Release|ARM.Build.0 = Release|Any CPU
		{CB2BB53C-9D36-49E3-BA14-0F76C56522E5}.Release|ARM.Deploy.0 = Release|Any CPU
		{CB2BB53C-9D36-49E3-BA14-0F76C56522E5}.Release|iPhone.ActiveCfg = Release|Any CPU
		{CB2BB53C-9D36-49E3-BA14-0F76C56522E5}.Release|iPhone.Build.0 = Release|Any CPU
		{CB2BB53C-9D36-49E3-BA14-0F76C56522E5}.Release|iPhone.Deploy.0 = Release|Any CPU
		{CB2BB53C-9D36-49E3-BA14-0F76C56522E5}.Release|iPhoneSimulator.ActiveCfg = Release|Any CPU
		{CB2BB53C-9D36-49E3-BA14-0F76C56522E5}.Release|iPhoneSimulator.Build.0 = Release|Any CPU
		{CB2BB53C-9D36-49E3-BA14-0F76C56522E5}.Release|iPhoneSimulator.Deploy.0 = Release|Any CPU
		{CB2BB53C-9D36-49E3-BA14-0F76C56522E5}.Release|x64.ActiveCfg = Release|Any CPU
		{CB2BB53C-9D36-49E3-BA14-0F76C56522E5}.Release|x64.Build.0 = Release|Any CPU
		{CB2BB53C-9D36-49E3-BA14-0F76C56522E5}.Release|x64.Deploy.0 = Release|Any CPU
		{CB2BB53C-9D36-49E3-BA14-0F76C56522E5}.Release|x86.ActiveCfg = Release|Any CPU
		{CB2BB53C-9D36-49E3-BA14-0F76C56522E5}.Release|x86.Build.0 = Release|Any CPU
		{CB2BB53C-9D36-49E3-BA14-0F76C56522E5}.Release|x86.Deploy.0 = Release|Any CPU
		{0A1F2CFC-3A11-459D-B659-99BD733EDEFE}.Ad-Hoc|Any CPU.ActiveCfg = Ad-Hoc|iPhoneSimulator
		{0A1F2CFC-3A11-459D-B659-99BD733EDEFE}.Ad-Hoc|ARM.ActiveCfg = Ad-Hoc|iPhoneSimulator
		{0A1F2CFC-3A11-459D-B659-99BD733EDEFE}.Ad-Hoc|iPhone.ActiveCfg = Ad-Hoc|iPhone
		{0A1F2CFC-3A11-459D-B659-99BD733EDEFE}.Ad-Hoc|iPhone.Build.0 = Ad-Hoc|iPhone
		{0A1F2CFC-3A11-459D-B659-99BD733EDEFE}.Ad-Hoc|iPhoneSimulator.ActiveCfg = Ad-Hoc|iPhoneSimulator
		{0A1F2CFC-3A11-459D-B659-99BD733EDEFE}.Ad-Hoc|iPhoneSimulator.Build.0 = Ad-Hoc|iPhoneSimulator
		{0A1F2CFC-3A11-459D-B659-99BD733EDEFE}.Ad-Hoc|x64.ActiveCfg = Ad-Hoc|iPhoneSimulator
		{0A1F2CFC-3A11-459D-B659-99BD733EDEFE}.Ad-Hoc|x86.ActiveCfg = Ad-Hoc|iPhoneSimulator
		{0A1F2CFC-3A11-459D-B659-99BD733EDEFE}.AppStore|Any CPU.ActiveCfg = AppStore|iPhoneSimulator
		{0A1F2CFC-3A11-459D-B659-99BD733EDEFE}.AppStore|ARM.ActiveCfg = AppStore|iPhoneSimulator
		{0A1F2CFC-3A11-459D-B659-99BD733EDEFE}.AppStore|iPhone.ActiveCfg = AppStore|iPhone
		{0A1F2CFC-3A11-459D-B659-99BD733EDEFE}.AppStore|iPhone.Build.0 = AppStore|iPhone
		{0A1F2CFC-3A11-459D-B659-99BD733EDEFE}.AppStore|iPhoneSimulator.ActiveCfg = AppStore|iPhoneSimulator
		{0A1F2CFC-3A11-459D-B659-99BD733EDEFE}.AppStore|iPhoneSimulator.Build.0 = AppStore|iPhoneSimulator
		{0A1F2CFC-3A11-459D-B659-99BD733EDEFE}.AppStore|x64.ActiveCfg = AppStore|iPhoneSimulator
		{0A1F2CFC-3A11-459D-B659-99BD733EDEFE}.AppStore|x86.ActiveCfg = AppStore|iPhoneSimulator
		{0A1F2CFC-3A11-459D-B659-99BD733EDEFE}.Debug|Any CPU.ActiveCfg = Debug|iPhoneSimulator
		{0A1F2CFC-3A11-459D-B659-99BD733EDEFE}.Debug|ARM.ActiveCfg = Debug|iPhoneSimulator
		{0A1F2CFC-3A11-459D-B659-99BD733EDEFE}.Debug|iPhone.ActiveCfg = Debug|iPhone
		{0A1F2CFC-3A11-459D-B659-99BD733EDEFE}.Debug|iPhone.Build.0 = Debug|iPhone
		{0A1F2CFC-3A11-459D-B659-99BD733EDEFE}.Debug|iPhoneSimulator.ActiveCfg = Debug|iPhoneSimulator
		{0A1F2CFC-3A11-459D-B659-99BD733EDEFE}.Debug|iPhoneSimulator.Build.0 = Debug|iPhoneSimulator
		{0A1F2CFC-3A11-459D-B659-99BD733EDEFE}.Debug|x64.ActiveCfg = Debug|iPhoneSimulator
		{0A1F2CFC-3A11-459D-B659-99BD733EDEFE}.Debug|x86.ActiveCfg = Debug|iPhoneSimulator
		{0A1F2CFC-3A11-459D-B659-99BD733EDEFE}.Release|Any CPU.ActiveCfg = Release|iPhoneSimulator
		{0A1F2CFC-3A11-459D-B659-99BD733EDEFE}.Release|ARM.ActiveCfg = Release|iPhoneSimulator
		{0A1F2CFC-3A11-459D-B659-99BD733EDEFE}.Release|iPhone.ActiveCfg = Release|iPhone
		{0A1F2CFC-3A11-459D-B659-99BD733EDEFE}.Release|iPhone.Build.0 = Release|iPhone
		{0A1F2CFC-3A11-459D-B659-99BD733EDEFE}.Release|iPhoneSimulator.ActiveCfg = Release|iPhoneSimulator
		{0A1F2CFC-3A11-459D-B659-99BD733EDEFE}.Release|iPhoneSimulator.Build.0 = Release|iPhoneSimulator
		{0A1F2CFC-3A11-459D-B659-99BD733EDEFE}.Release|x64.ActiveCfg = Release|iPhoneSimulator
		{0A1F2CFC-3A11-459D-B659-99BD733EDEFE}.Release|x86.ActiveCfg = Release|iPhoneSimulator
		{80386D08-A003-4F81-8CA7-6B1F91F7EB0A}.Ad-Hoc|Any CPU.ActiveCfg = Debug|ARM
		{80386D08-A003-4F81-8CA7-6B1F91F7EB0A}.Ad-Hoc|Any CPU.Build.0 = Debug|ARM
		{80386D08-A003-4F81-8CA7-6B1F91F7EB0A}.Ad-Hoc|Any CPU.Deploy.0 = Debug|ARM
		{80386D08-A003-4F81-8CA7-6B1F91F7EB0A}.Ad-Hoc|ARM.ActiveCfg = Debug|ARM
		{80386D08-A003-4F81-8CA7-6B1F91F7EB0A}.Ad-Hoc|ARM.Build.0 = Debug|ARM
		{80386D08-A003-4F81-8CA7-6B1F91F7EB0A}.Ad-Hoc|ARM.Deploy.0 = Debug|ARM
		{80386D08-A003-4F81-8CA7-6B1F91F7EB0A}.Ad-Hoc|iPhone.ActiveCfg = Debug|ARM
		{80386D08-A003-4F81-8CA7-6B1F91F7EB0A}.Ad-Hoc|iPhone.Build.0 = Debug|ARM
		{80386D08-A003-4F81-8CA7-6B1F91F7EB0A}.Ad-Hoc|iPhone.Deploy.0 = Debug|ARM
		{80386D08-A003-4F81-8CA7-6B1F91F7EB0A}.Ad-Hoc|iPhoneSimulator.ActiveCfg = Debug|ARM
		{80386D08-A003-4F81-8CA7-6B1F91F7EB0A}.Ad-Hoc|iPhoneSimulator.Build.0 = Debug|ARM
		{80386D08-A003-4F81-8CA7-6B1F91F7EB0A}.Ad-Hoc|iPhoneSimulator.Deploy.0 = Debug|ARM
		{80386D08-A003-4F81-8CA7-6B1F91F7EB0A}.Ad-Hoc|x64.ActiveCfg = Debug|x64
		{80386D08-A003-4F81-8CA7-6B1F91F7EB0A}.Ad-Hoc|x64.Build.0 = Debug|x64
		{80386D08-A003-4F81-8CA7-6B1F91F7EB0A}.Ad-Hoc|x64.Deploy.0 = Debug|x64
		{80386D08-A003-4F81-8CA7-6B1F91F7EB0A}.Ad-Hoc|x86.ActiveCfg = Debug|x86
		{80386D08-A003-4F81-8CA7-6B1F91F7EB0A}.Ad-Hoc|x86.Build.0 = Debug|x86
		{80386D08-A003-4F81-8CA7-6B1F91F7EB0A}.Ad-Hoc|x86.Deploy.0 = Debug|x86
		{80386D08-A003-4F81-8CA7-6B1F91F7EB0A}.AppStore|Any CPU.ActiveCfg = Debug|ARM
		{80386D08-A003-4F81-8CA7-6B1F91F7EB0A}.AppStore|Any CPU.Build.0 = Debug|ARM
		{80386D08-A003-4F81-8CA7-6B1F91F7EB0A}.AppStore|Any CPU.Deploy.0 = Debug|ARM
		{80386D08-A003-4F81-8CA7-6B1F91F7EB0A}.AppStore|ARM.ActiveCfg = Debug|ARM
		{80386D08-A003-4F81-8CA7-6B1F91F7EB0A}.AppStore|ARM.Build.0 = Debug|ARM
		{80386D08-A003-4F81-8CA7-6B1F91F7EB0A}.AppStore|ARM.Deploy.0 = Debug|ARM
		{80386D08-A003-4F81-8CA7-6B1F91F7EB0A}.AppStore|iPhone.ActiveCfg = Debug|ARM
		{80386D08-A003-4F81-8CA7-6B1F91F7EB0A}.AppStore|iPhone.Build.0 = Debug|ARM
		{80386D08-A003-4F81-8CA7-6B1F91F7EB0A}.AppStore|iPhone.Deploy.0 = Debug|ARM
		{80386D08-A003-4F81-8CA7-6B1F91F7EB0A}.AppStore|iPhoneSimulator.ActiveCfg = Debug|ARM
		{80386D08-A003-4F81-8CA7-6B1F91F7EB0A}.AppStore|iPhoneSimulator.Build.0 = Debug|ARM
		{80386D08-A003-4F81-8CA7-6B1F91F7EB0A}.AppStore|iPhoneSimulator.Deploy.0 = Debug|ARM
		{80386D08-A003-4F81-8CA7-6B1F91F7EB0A}.AppStore|x64.ActiveCfg = Debug|x64
		{80386D08-A003-4F81-8CA7-6B1F91F7EB0A}.AppStore|x64.Build.0 = Debug|x64
		{80386D08-A003-4F81-8CA7-6B1F91F7EB0A}.AppStore|x64.Deploy.0 = Debug|x64
		{80386D08-A003-4F81-8CA7-6B1F91F7EB0A}.AppStore|x86.ActiveCfg = Debug|x86
		{80386D08-A003-4F81-8CA7-6B1F91F7EB0A}.AppStore|x86.Build.0 = Debug|x86
		{80386D08-A003-4F81-8CA7-6B1F91F7EB0A}.AppStore|x86.Deploy.0 = Debug|x86
		{80386D08-A003-4F81-8CA7-6B1F91F7EB0A}.Debug|Any CPU.ActiveCfg = Debug|x86
		{80386D08-A003-4F81-8CA7-6B1F91F7EB0A}.Debug|ARM.ActiveCfg = Debug|ARM
		{80386D08-A003-4F81-8CA7-6B1F91F7EB0A}.Debug|ARM.Build.0 = Debug|ARM
		{80386D08-A003-4F81-8CA7-6B1F91F7EB0A}.Debug|ARM.Deploy.0 = Debug|ARM
		{80386D08-A003-4F81-8CA7-6B1F91F7EB0A}.Debug|iPhone.ActiveCfg = Debug|x86
		{80386D08-A003-4F81-8CA7-6B1F91F7EB0A}.Debug|iPhoneSimulator.ActiveCfg = Debug|x86
		{80386D08-A003-4F81-8CA7-6B1F91F7EB0A}.Debug|x64.ActiveCfg = Debug|x64
		{80386D08-A003-4F81-8CA7-6B1F91F7EB0A}.Debug|x64.Build.0 = Debug|x64
		{80386D08-A003-4F81-8CA7-6B1F91F7EB0A}.Debug|x64.Deploy.0 = Debug|x64
		{80386D08-A003-4F81-8CA7-6B1F91F7EB0A}.Debug|x86.ActiveCfg = Debug|x86
		{80386D08-A003-4F81-8CA7-6B1F91F7EB0A}.Debug|x86.Build.0 = Debug|x86
		{80386D08-A003-4F81-8CA7-6B1F91F7EB0A}.Debug|x86.Deploy.0 = Debug|x86
		{80386D08-A003-4F81-8CA7-6B1F91F7EB0A}.Release|Any CPU.ActiveCfg = Release|x86
		{80386D08-A003-4F81-8CA7-6B1F91F7EB0A}.Release|ARM.ActiveCfg = Release|ARM
		{80386D08-A003-4F81-8CA7-6B1F91F7EB0A}.Release|ARM.Build.0 = Release|ARM
		{80386D08-A003-4F81-8CA7-6B1F91F7EB0A}.Release|ARM.Deploy.0 = Release|ARM
		{80386D08-A003-4F81-8CA7-6B1F91F7EB0A}.Release|iPhone.ActiveCfg = Release|x86
		{80386D08-A003-4F81-8CA7-6B1F91F7EB0A}.Release|iPhoneSimulator.ActiveCfg = Release|x86
		{80386D08-A003-4F81-8CA7-6B1F91F7EB0A}.Release|x64.ActiveCfg = Release|x64
		{80386D08-A003-4F81-8CA7-6B1F91F7EB0A}.Release|x64.Build.0 = Release|x64
		{80386D08-A003-4F81-8CA7-6B1F91F7EB0A}.Release|x64.Deploy.0 = Release|x64
		{80386D08-A003-4F81-8CA7-6B1F91F7EB0A}.Release|x86.ActiveCfg = Release|x86
		{80386D08-A003-4F81-8CA7-6B1F91F7EB0A}.Release|x86.Build.0 = Release|x86
		{80386D08-A003-4F81-8CA7-6B1F91F7EB0A}.Release|x86.Deploy.0 = Release|x86
	EndGlobalSection
	GlobalSection(SolutionProperties) = preSolution
		HideSolutionNode = FALSE
	EndGlobalSection
	GlobalSection(ExtensibilityGlobals) = postSolution
		SolutionGuid = {B73930CC-303C-4271-B12B-4429D535693C}
	EndGlobalSection
EndGlobal
